// !$*UTF8*$!
{
	archiveVersion = 1;
	classes = {
	};
	objectVersion = 56;
	objects = {

/* Begin PBXBuildFile section */
		52C1C9DA2C78D4ED002D7CBB /* AppDelegate.swift in Sources */ = {isa = PBXBuildFile; fileRef = 52C1C9D92C78D4ED002D7CBB /* AppDelegate.swift */; };
		52C1C9DC2C78D4ED002D7CBB /* SceneDelegate.swift in Sources */ = {isa = PBXBuildFile; fileRef = 52C1C9DB2C78D4ED002D7CBB /* SceneDelegate.swift */; };
		52C1C9DE2C78D4ED002D7CBB /* ViewController.swift in Sources */ = {isa = PBXBuildFile; fileRef = 52C1C9DD2C78D4ED002D7CBB /* ViewController.swift */; };
		52C1C9E12C78D4ED002D7CBB /* Base in Resources */ = {isa = PBXBuildFile; fileRef = 52C1C9E02C78D4ED002D7CBB /* Base */; };
		52C1C9E32C78D4EE002D7CBB /* Assets.xcassets in Resources */ = {isa = PBXBuildFile; fileRef = 52C1C9E22C78D4EE002D7CBB /* Assets.xcassets */; };
		52C1C9E62C78D4EE002D7CBB /* Base in Resources */ = {isa = PBXBuildFile; fileRef = 52C1C9E52C78D4EE002D7CBB /* Base */; };
		52C1C9F12C78D4EE002D7CBB /* Player_testTests.swift in Sources */ = {isa = PBXBuildFile; fileRef = 52C1C9F02C78D4EE002D7CBB /* Player_testTests.swift */; };
		52C1C9FB2C78D4EE002D7CBB /* Player_testUITests.swift in Sources */ = {isa = PBXBuildFile; fileRef = 52C1C9FA2C78D4EE002D7CBB /* Player_testUITests.swift */; };
		52C1C9FD2C78D4EE002D7CBB /* Player_testUITestsLaunchTests.swift in Sources */ = {isa = PBXBuildFile; fileRef = 52C1C9FC2C78D4EE002D7CBB /* Player_testUITestsLaunchTests.swift */; };
		52C1CA0C2C78D5B7002D7CBB /* test.mp4 in Resources */ = {isa = PBXBuildFile; fileRef = 52C1CA0B2C78D5B7002D7CBB /* test.mp4 */; };
/* End PBXBuildFile section */

/* Begin PBXContainerItemProxy section */
		52C1C9ED2C78D4EE002D7CBB /* PBXContainerItemProxy */ = {
			isa = PBXContainerItemProxy;
			containerPortal = 52C1C9CE2C78D4ED002D7CBB /* Project object */;
			proxyType = 1;
			remoteGlobalIDString = 52C1C9D52C78D4ED002D7CBB;
			remoteInfo = Player_test;
		};
		52C1C9F72C78D4EE002D7CBB /* PBXContainerItemProxy */ = {
			isa = PBXContainerItemProxy;
			containerPortal = 52C1C9CE2C78D4ED002D7CBB /* Project object */;
			proxyType = 1;
			remoteGlobalIDString = 52C1C9D52C78D4ED002D7CBB;
			remoteInfo = Player_test;
		};
/* End PBXContainerItemProxy section */

/* Begin PBXFileReference section */
		52C1C9D62C78D4ED002D7CBB /* Player_test.app */ = {isa = PBXFileReference; explicitFileType = wrapper.application; includeInIndex = 0; path = Player_test.app; sourceTree = BUILT_PRODUCTS_DIR; };
		52C1C9D92C78D4ED002D7CBB /* AppDelegate.swift */ = {isa = PBXFileReference; lastKnownFileType = sourcecode.swift; path = AppDelegate.swift; sourceTree = "<group>"; };
		52C1C9DB2C78D4ED002D7CBB /* SceneDelegate.swift */ = {isa = PBXFileReference; lastKnownFileType = sourcecode.swift; path = SceneDelegate.swift; sourceTree = "<group>"; };
		52C1C9DD2C78D4ED002D7CBB /* ViewController.swift */ = {isa = PBXFileReference; lastKnownFileType = sourcecode.swift; path = ViewController.swift; sourceTree = "<group>"; };
		52C1C9E02C78D4ED002D7CBB /* Base */ = {isa = PBXFileReference; lastKnownFileType = file.storyboard; name = Base; path = Base.lproj/Main.storyboard; sourceTree = "<group>"; };
		52C1C9E22C78D4EE002D7CBB /* Assets.xcassets */ = {isa = PBXFileReference; lastKnownFileType = folder.assetcatalog; path = Assets.xcassets; sourceTree = "<group>"; };
		52C1C9E52C78D4EE002D7CBB /* Base */ = {isa = PBXFileReference; lastKnownFileType = file.storyboard; name = Base; path = Base.lproj/LaunchScreen.storyboard; sourceTree = "<group>"; };
		52C1C9E72C78D4EE002D7CBB /* Info.plist */ = {isa = PBXFileReference; lastKnownFileType = text.plist.xml; path = Info.plist; sourceTree = "<group>"; };
		52C1C9EC2C78D4EE002D7CBB /* Player_testTests.xctest */ = {isa = PBXFileReference; explicitFileType = wrapper.cfbundle; includeInIndex = 0; path = Player_testTests.xctest; sourceTree = BUILT_PRODUCTS_DIR; };
		52C1C9F02C78D4EE002D7CBB /* Player_testTests.swift */ = {isa = PBXFileReference; lastKnownFileType = sourcecode.swift; path = Player_testTests.swift; sourceTree = "<group>"; };
		52C1C9F62C78D4EE002D7CBB /* Player_testUITests.xctest */ = {isa = PBXFileReference; explicitFileType = wrapper.cfbundle; includeInIndex = 0; path = Player_testUITests.xctest; sourceTree = BUILT_PRODUCTS_DIR; };
		52C1C9FA2C78D4EE002D7CBB /* Player_testUITests.swift */ = {isa = PBXFileReference; lastKnownFileType = sourcecode.swift; path = Player_testUITests.swift; sourceTree = "<group>"; };
		52C1C9FC2C78D4EE002D7CBB /* Player_testUITestsLaunchTests.swift */ = {isa = PBXFileReference; lastKnownFileType = sourcecode.swift; path = Player_testUITestsLaunchTests.swift; sourceTree = "<group>"; };
		52C1CA0B2C78D5B7002D7CBB /* test.mp4 */ = {isa = PBXFileReference; lastKnownFileType = file; path = test.mp4; sourceTree = "<group>"; };
/* End PBXFileReference section */

/* Begin PBXFrameworksBuildPhase section */
		52C1C9D32C78D4ED002D7CBB /* Frameworks */ = {
			isa = PBXFrameworksBuildPhase;
			buildActionMask = 2147483647;
			files = (
			);
			runOnlyForDeploymentPostprocessing = 0;
		};
		52C1C9E92C78D4EE002D7CBB /* Frameworks */ = {
			isa = PBXFrameworksBuildPhase;
			buildActionMask = 2147483647;
			files = (
			);
			runOnlyForDeploymentPostprocessing = 0;
		};
		52C1C9F32C78D4EE002D7CBB /* Frameworks */ = {
			isa = PBXFrameworksBuildPhase;
			buildActionMask = 2147483647;
			files = (
			);
			runOnlyForDeploymentPostprocessing = 0;
		};
/* End PBXFrameworksBuildPhase section */

/* Begin PBXGroup section */
		52C1C9CD2C78D4ED002D7CBB = {
			isa = PBXGroup;
			children = (
				52C1C9D82C78D4ED002D7CBB /* Player_test */,
				52C1C9EF2C78D4EE002D7CBB /* Player_testTests */,
				52C1C9F92C78D4EE002D7CBB /* Player_testUITests */,
				52C1C9D72C78D4ED002D7CBB /* Products */,
			);
			sourceTree = "<group>";
		};
		52C1C9D72C78D4ED002D7CBB /* Products */ = {
			isa = PBXGroup;
			children = (
				52C1C9D62C78D4ED002D7CBB /* Player_test.app */,
				52C1C9EC2C78D4EE002D7CBB /* Player_testTests.xctest */,
				52C1C9F62C78D4EE002D7CBB /* Player_testUITests.xctest */,
			);
			name = Products;
			sourceTree = "<group>";
		};
		52C1C9D82C78D4ED002D7CBB /* Player_test */ = {
			isa = PBXGroup;
			children = (
				52C1CA0B2C78D5B7002D7CBB /* test.mp4 */,
				52C1C9D92C78D4ED002D7CBB /* AppDelegate.swift */,
				52C1C9DB2C78D4ED002D7CBB /* SceneDelegate.swift */,
				52C1C9DD2C78D4ED002D7CBB /* ViewController.swift */,
				52C1C9DF2C78D4ED002D7CBB /* Main.storyboard */,
				52C1C9E22C78D4EE002D7CBB /* Assets.xcassets */,
				52C1C9E42C78D4EE002D7CBB /* LaunchScreen.storyboard */,
				52C1C9E72C78D4EE002D7CBB /* Info.plist */,
			);
			path = Player_test;
			sourceTree = "<group>";
		};
		52C1C9EF2C78D4EE002D7CBB /* Player_testTests */ = {
			isa = PBXGroup;
			children = (
				52C1C9F02C78D4EE002D7CBB /* Player_testTests.swift */,
			);
			path = Player_testTests;
			sourceTree = "<group>";
		};
		52C1C9F92C78D4EE002D7CBB /* Player_testUITests */ = {
			isa = PBXGroup;
			children = (
				52C1C9FA2C78D4EE002D7CBB /* Player_testUITests.swift */,
				52C1C9FC2C78D4EE002D7CBB /* Player_testUITestsLaunchTests.swift */,
			);
			path = Player_testUITests;
			sourceTree = "<group>";
		};
/* End PBXGroup section */

/* Begin PBXNativeTarget section */
		52C1C9D52C78D4ED002D7CBB /* Player_test */ = {
			isa = PBXNativeTarget;
			buildConfigurationList = 52C1CA002C78D4EE002D7CBB /* Build configuration list for PBXNativeTarget "Player_test" */;
			buildPhases = (
				52C1C9D22C78D4ED002D7CBB /* Sources */,
				52C1C9D32C78D4ED002D7CBB /* Frameworks */,
				52C1C9D42C78D4ED002D7CBB /* Resources */,
			);
			buildRules = (
			);
			dependencies = (
			);
			name = Player_test;
			productName = Player_test;
			productReference = 52C1C9D62C78D4ED002D7CBB /* Player_test.app */;
			productType = "com.apple.product-type.application";
		};
		52C1C9EB2C78D4EE002D7CBB /* Player_testTests */ = {
			isa = PBXNativeTarget;
			buildConfigurationList = 52C1CA032C78D4EE002D7CBB /* Build configuration list for PBXNativeTarget "Player_testTests" */;
			buildPhases = (
				52C1C9E82C78D4EE002D7CBB /* Sources */,
				52C1C9E92C78D4EE002D7CBB /* Frameworks */,
				52C1C9EA2C78D4EE002D7CBB /* Resources */,
			);
			buildRules = (
			);
			dependencies = (
				52C1C9EE2C78D4EE002D7CBB /* PBXTargetDependency */,
			);
			name = Player_testTests;
			productName = Player_testTests;
			productReference = 52C1C9EC2C78D4EE002D7CBB /* Player_testTests.xctest */;
			productType = "com.apple.product-type.bundle.unit-test";
		};
		52C1C9F52C78D4EE002D7CBB /* Player_testUITests */ = {
			isa = PBXNativeTarget;
			buildConfigurationList = 52C1CA062C78D4EE002D7CBB /* Build configuration list for PBXNativeTarget "Player_testUITests" */;
			buildPhases = (
				52C1C9F22C78D4EE002D7CBB /* Sources */,
				52C1C9F32C78D4EE002D7CBB /* Frameworks */,
				52C1C9F42C78D4EE002D7CBB /* Resources */,
			);
			buildRules = (
			);
			dependencies = (
				52C1C9F82C78D4EE002D7CBB /* PBXTargetDependency */,
			);
			name = Player_testUITests;
			productName = Player_testUITests;
			productReference = 52C1C9F62C78D4EE002D7CBB /* Player_testUITests.xctest */;
			productType = "com.apple.product-type.bundle.ui-testing";
		};
/* End PBXNativeTarget section */

/* Begin PBXProject section */
		52C1C9CE2C78D4ED002D7CBB /* Project object */ = {
			isa = PBXProject;
			attributes = {
				BuildIndependentTargetsInParallel = 1;
				LastSwiftUpdateCheck = 1540;
				LastUpgradeCheck = 1540;
				TargetAttributes = {
					52C1C9D52C78D4ED002D7CBB = {
						CreatedOnToolsVersion = 15.4;
					};
					52C1C9EB2C78D4EE002D7CBB = {
						CreatedOnToolsVersion = 15.4;
						TestTargetID = 52C1C9D52C78D4ED002D7CBB;
					};
					52C1C9F52C78D4EE002D7CBB = {
						CreatedOnToolsVersion = 15.4;
						TestTargetID = 52C1C9D52C78D4ED002D7CBB;
					};
				};
			};
			buildConfigurationList = 52C1C9D12C78D4ED002D7CBB /* Build configuration list for PBXProject "Player_test" */;
			compatibilityVersion = "Xcode 14.0";
			developmentRegion = en;
			hasScannedForEncodings = 0;
			knownRegions = (
				en,
				Base,
			);
			mainGroup = 52C1C9CD2C78D4ED002D7CBB;
			productRefGroup = 52C1C9D72C78D4ED002D7CBB /* Products */;
			projectDirPath = "";
			projectRoot = "";
			targets = (
				52C1C9D52C78D4ED002D7CBB /* Player_test */,
				52C1C9EB2C78D4EE002D7CBB /* Player_testTests */,
				52C1C9F52C78D4EE002D7CBB /* Player_testUITests */,
			);
		};
/* End PBXProject section */

/* Begin PBXResourcesBuildPhase section */
		52C1C9D42C78D4ED002D7CBB /* Resources */ = {
			isa = PBXResourcesBuildPhase;
			buildActionMask = 2147483647;
			files = (
				52C1C9E32C78D4EE002D7CBB /* Assets.xcassets in Resources */,
				52C1C9E62C78D4EE002D7CBB /* Base in Resources */,
				52C1C9E12C78D4ED002D7CBB /* Base in Resources */,
				52C1CA0C2C78D5B7002D7CBB /* test.mp4 in Resources */,
			);
			runOnlyForDeploymentPostprocessing = 0;
		};
		52C1C9EA2C78D4EE002D7CBB /* Resources */ = {
			isa = PBXResourcesBuildPhase;
			buildActionMask = 2147483647;
			files = (
			);
			runOnlyForDeploymentPostprocessing = 0;
		};
		52C1C9F42C78D4EE002D7CBB /* Resources */ = {
			isa = PBXResourcesBuildPhase;
			buildActionMask = 2147483647;
			files = (
			);
			runOnlyForDeploymentPostprocessing = 0;
		};
/* End PBXResourcesBuildPhase section */

/* Begin PBXSourcesBuildPhase section */
		52C1C9D22C78D4ED002D7CBB /* Sources */ = {
			isa = PBXSourcesBuildPhase;
			buildActionMask = 2147483647;
			files = (
				52C1C9DE2C78D4ED002D7CBB /* ViewController.swift in Sources */,
				52C1C9DA2C78D4ED002D7CBB /* AppDelegate.swift in Sources */,
				52C1C9DC2C78D4ED002D7CBB /* SceneDelegate.swift in Sources */,
			);
			runOnlyForDeploymentPostprocessing = 0;
		};
		52C1C9E82C78D4EE002D7CBB /* Sources */ = {
			isa = PBXSourcesBuildPhase;
			buildActionMask = 2147483647;
			files = (
				52C1C9F12C78D4EE002D7CBB /* Player_testTests.swift in Sources */,
			);
			runOnlyForDeploymentPostprocessing = 0;
		};
		52C1C9F22C78D4EE002D7CBB /* Sources */ = {
			isa = PBXSourcesBuildPhase;
			buildActionMask = 2147483647;
			files = (
				52C1C9FB2C78D4EE002D7CBB /* Player_testUITests.swift in Sources */,
				52C1C9FD2C78D4EE002D7CBB /* Player_testUITestsLaunchTests.swift in Sources */,
			);
			runOnlyForDeploymentPostprocessing = 0;
		};
/* End PBXSourcesBuildPhase section */

/* Begin PBXTargetDependency section */
		52C1C9EE2C78D4EE002D7CBB /* PBXTargetDependency */ = {
			isa = PBXTargetDependency;
			target = 52C1C9D52C78D4ED002D7CBB /* Player_test */;
			targetProxy = 52C1C9ED2C78D4EE002D7CBB /* PBXContainerItemProxy */;
		};
		52C1C9F82C78D4EE002D7CBB /* PBXTargetDependency */ = {
			isa = PBXTargetDependency;
			target = 52C1C9D52C78D4ED002D7CBB /* Player_test */;
			targetProxy = 52C1C9F72C78D4EE002D7CBB /* PBXContainerItemProxy */;
		};
/* End PBXTargetDependency section */

/* Begin PBXVariantGroup section */
		52C1C9DF2C78D4ED002D7CBB /* Main.storyboard */ = {
			isa = PBXVariantGroup;
			children = (
				52C1C9E02C78D4ED002D7CBB /* Base */,
			);
			name = Main.storyboard;
			sourceTree = "<group>";
		};
		52C1C9E42C78D4EE002D7CBB /* LaunchScreen.storyboard */ = {
			isa = PBXVariantGroup;
			children = (
				52C1C9E52C78D4EE002D7CBB /* Base */,
			);
			name = LaunchScreen.storyboard;
			sourceTree = "<group>";
		};
/* End PBXVariantGroup section */

/* Begin XCBuildConfiguration section */
		52C1C9FE2C78D4EE002D7CBB /* Debug */ = {
			isa = XCBuildConfiguration;
			buildSettings = {
				ALWAYS_SEARCH_USER_PATHS = NO;
				ASSETCATALOG_COMPILER_GENERATE_SWIFT_ASSET_SYMBOL_EXTENSIONS = YES;
				CLANG_ANALYZER_NONNULL = YES;
				CLANG_ANALYZER_NUMBER_OBJECT_CONVERSION = YES_AGGRESSIVE;
				CLANG_CXX_LANGUAGE_STANDARD = "gnu++20";
				CLANG_ENABLE_MODULES = YES;
				CLANG_ENABLE_OBJC_ARC = YES;
				CLANG_ENABLE_OBJC_WEAK = YES;
				CLANG_WARN_BLOCK_CAPTURE_AUTORELEASING = YES;
				CLANG_WARN_BOOL_CONVERSION = YES;
				CLANG_WARN_COMMA = YES;
				CLANG_WARN_CONSTANT_CONVERSION = YES;
				CLANG_WARN_DEPRECATED_OBJC_IMPLEMENTATIONS = YES;
				CLANG_WARN_DIRECT_OBJC_ISA_USAGE = YES_ERROR;
				CLANG_WARN_DOCUMENTATION_COMMENTS = YES;
				CLANG_WARN_EMPTY_BODY = YES;
				CLANG_WARN_ENUM_CONVERSION = YES;
				CLANG_WARN_INFINITE_RECURSION = YES;
				CLANG_WARN_INT_CONVERSION = YES;
				CLANG_WARN_NON_LITERAL_NULL_CONVERSION = YES;
				CLANG_WARN_OBJC_IMPLICIT_RETAIN_SELF = YES;
				CLANG_WARN_OBJC_LITERAL_CONVERSION = YES;
				CLANG_WARN_OBJC_ROOT_CLASS = YES_ERROR;
				CLANG_WARN_QUOTED_INCLUDE_IN_FRAMEWORK_HEADER = YES;
				CLANG_WARN_RANGE_LOOP_ANALYSIS = YES;
				CLANG_WARN_STRICT_PROTOTYPES = YES;
				CLANG_WARN_SUSPICIOUS_MOVE = YES;
				CLANG_WARN_UNGUARDED_AVAILABILITY = YES_AGGRESSIVE;
				CLANG_WARN_UNREACHABLE_CODE = YES;
				CLANG_WARN__DUPLICATE_METHOD_MATCH = YES;
				COPY_PHASE_STRIP = NO;
				DEBUG_INFORMATION_FORMAT = dwarf;
				ENABLE_STRICT_OBJC_MSGSEND = YES;
				ENABLE_TESTABILITY = YES;
				ENABLE_USER_SCRIPT_SANDBOXING = YES;
				GCC_C_LANGUAGE_STANDARD = gnu17;
				GCC_DYNAMIC_NO_PIC = NO;
				GCC_NO_COMMON_BLOCKS = YES;
				GCC_OPTIMIZATION_LEVEL = 0;
				GCC_PREPROCESSOR_DEFINITIONS = (
					"DEBUG=1",
					"$(inherited)",
				);
				GCC_WARN_64_TO_32_BIT_CONVERSION = YES;
				GCC_WARN_ABOUT_RETURN_TYPE = YES_ERROR;
				GCC_WARN_UNDECLARED_SELECTOR = YES;
				GCC_WARN_UNINITIALIZED_AUTOS = YES_AGGRESSIVE;
				GCC_WARN_UNUSED_FUNCTION = YES;
				GCC_WARN_UNUSED_VARIABLE = YES;
				IPHONEOS_DEPLOYMENT_TARGET = 17.5;
				LOCALIZATION_PREFERS_STRING_CATALOGS = YES;
				MTL_ENABLE_DEBUG_INFO = INCLUDE_SOURCE;
				MTL_FAST_MATH = YES;
				ONLY_ACTIVE_ARCH = YES;
				SDKROOT = iphoneos;
				SWIFT_ACTIVE_COMPILATION_CONDITIONS = "DEBUG $(inherited)";
				SWIFT_OPTIMIZATION_LEVEL = "-Onone";
			};
			name = Debug;
		};
		52C1C9FF2C78D4EE002D7CBB /* Release */ = {
			isa = XCBuildConfiguration;
			buildSettings = {
				ALWAYS_SEARCH_USER_PATHS = NO;
				ASSETCATALOG_COMPILER_GENERATE_SWIFT_ASSET_SYMBOL_EXTENSIONS = YES;
				CLANG_ANALYZER_NONNULL = YES;
				CLANG_ANALYZER_NUMBER_OBJECT_CONVERSION = YES_AGGRESSIVE;
				CLANG_CXX_LANGUAGE_STANDARD = "gnu++20";
				CLANG_ENABLE_MODULES = YES;
				CLANG_ENABLE_OBJC_ARC = YES;
				CLANG_ENABLE_OBJC_WEAK = YES;
				CLANG_WARN_BLOCK_CAPTURE_AUTORELEASING = YES;
				CLANG_WARN_BOOL_CONVERSION = YES;
				CLANG_WARN_COMMA = YES;
				CLANG_WARN_CONSTANT_CONVERSION = YES;
				CLANG_WARN_DEPRECATED_OBJC_IMPLEMENTATIONS = YES;
				CLANG_WARN_DIRECT_OBJC_ISA_USAGE = YES_ERROR;
				CLANG_WARN_DOCUMENTATION_COMMENTS = YES;
				CLANG_WARN_EMPTY_BODY = YES;
				CLANG_WARN_ENUM_CONVERSION = YES;
				CLANG_WARN_INFINITE_RECURSION = YES;
				CLANG_WARN_INT_CONVERSION = YES;
				CLANG_WARN_NON_LITERAL_NULL_CONVERSION = YES;
				CLANG_WARN_OBJC_IMPLICIT_RETAIN_SELF = YES;
				CLANG_WARN_OBJC_LITERAL_CONVERSION = YES;
				CLANG_WARN_OBJC_ROOT_CLASS = YES_ERROR;
				CLANG_WARN_QUOTED_INCLUDE_IN_FRAMEWORK_HEADER = YES;
				CLANG_WARN_RANGE_LOOP_ANALYSIS = YES;
				CLANG_WARN_STRICT_PROTOTYPES = YES;
				CLANG_WARN_SUSPICIOUS_MOVE = YES;
				CLANG_WARN_UNGUARDED_AVAILABILITY = YES_AGGRESSIVE;
				CLANG_WARN_UNREACHABLE_CODE = YES;
				CLANG_WARN__DUPLICATE_METHOD_MATCH = YES;
				COPY_PHASE_STRIP = NO;
				DEBUG_INFORMATION_FORMAT = "dwarf-with-dsym";
				ENABLE_NS_ASSERTIONS = NO;
				ENABLE_STRICT_OBJC_MSGSEND = YES;
				ENABLE_USER_SCRIPT_SANDBOXING = YES;
				GCC_C_LANGUAGE_STANDARD = gnu17;
				GCC_NO_COMMON_BLOCKS = YES;
				GCC_WARN_64_TO_32_BIT_CONVERSION = YES;
				GCC_WARN_ABOUT_RETURN_TYPE = YES_ERROR;
				GCC_WARN_UNDECLARED_SELECTOR = YES;
				GCC_WARN_UNINITIALIZED_AUTOS = YES_AGGRESSIVE;
				GCC_WARN_UNUSED_FUNCTION = YES;
				GCC_WARN_UNUSED_VARIABLE = YES;
				IPHONEOS_DEPLOYMENT_TARGET = 17.5;
				LOCALIZATION_PREFERS_STRING_CATALOGS = YES;
				MTL_ENABLE_DEBUG_INFO = NO;
				MTL_FAST_MATH = YES;
				SDKROOT = iphoneos;
				SWIFT_COMPILATION_MODE = wholemodule;
				VALIDATE_PRODUCT = YES;
			};
			name = Release;
		};
		52C1CA012C78D4EE002D7CBB /* Debug */ = {
			isa = XCBuildConfiguration;
			buildSettings = {
				ASSETCATALOG_COMPILER_APPICON_NAME = AppIcon;
				ASSETCATALOG_COMPILER_GLOBAL_ACCENT_COLOR_NAME = AccentColor;
				CODE_SIGN_STYLE = Automatic;
				CURRENT_PROJECT_VERSION = 1;
				GENERATE_INFOPLIST_FILE = YES;
				INFOPLIST_FILE = Player_test/Info.plist;
				INFOPLIST_KEY_UIApplicationSupportsIndirectInputEvents = YES;
				INFOPLIST_KEY_UILaunchStoryboardName = LaunchScreen;
				INFOPLIST_KEY_UIMainStoryboardFile = Main;
				INFOPLIST_KEY_UISupportedInterfaceOrientations_iPad = "UIInterfaceOrientationPortrait UIInterfaceOrientationPortraitUpsideDown UIInterfaceOrientationLandscapeLeft UIInterfaceOrientationLandscapeRight";
				INFOPLIST_KEY_UISupportedInterfaceOrientations_iPhone = "UIInterfaceOrientationPortrait UIInterfaceOrientationLandscapeLeft UIInterfaceOrientationLandscapeRight";
				LD_RUNPATH_SEARCH_PATHS = (
					"$(inherited)",
					"@executable_path/Frameworks",
				);
				MARKETING_VERSION = 1.0;
				PRODUCT_BUNDLE_IDENTIFIER = "LearnSwift.Player-test";
				PRODUCT_NAME = "$(TARGET_NAME)";
				SWIFT_EMIT_LOC_STRINGS = YES;
				SWIFT_VERSION = 5.0;
				TARGETED_DEVICE_FAMILY = "1,2";
			};
			name = Debug;
		};
		52C1CA022C78D4EE002D7CBB /* Release */ = {
			isa = XCBuildConfiguration;
			buildSettings = {
				ASSETCATALOG_COMPILER_APPICON_NAME = AppIcon;
				ASSETCATALOG_COMPILER_GLOBAL_ACCENT_COLOR_NAME = AccentColor;
				CODE_SIGN_STYLE = Automatic;
				CURRENT_PROJECT_VERSION = 1;
				GENERATE_INFOPLIST_FILE = YES;
				INFOPLIST_FILE = Player_test/Info.plist;
				INFOPLIST_KEY_UIApplicationSupportsIndirectInputEvents = YES;
				INFOPLIST_KEY_UILaunchStoryboardName = LaunchScreen;
				INFOPLIST_KEY_UIMainStoryboardFile = Main;
				INFOPLIST_KEY_UISupportedInterfaceOrientations_iPad = "UIInterfaceOrientationPortrait UIInterfaceOrientationPortraitUpsideDown UIInterfaceOrientationLandscapeLeft UIInterfaceOrientationLandscapeRight";
				INFOPLIST_KEY_UISupportedInterfaceOrientations_iPhone = "UIInterfaceOrientationPortrait UIInterfaceOrientationLandscapeLeft UIInterfaceOrientationLandscapeRight";
				LD_RUNPATH_SEARCH_PATHS = (
					"$(inherited)",
					"@executable_path/Frameworks",
				);
				MARKETING_VERSION = 1.0;
				PRODUCT_BUNDLE_IDENTIFIER = "LearnSwift.Player-test";
				PRODUCT_NAME = "$(TARGET_NAME)";
				SWIFT_EMIT_LOC_STRINGS = YES;
				SWIFT_VERSION = 5.0;
				TARGETED_DEVICE_FAMILY = "1,2";
			};
			name = Release;
		};
		52C1CA042C78D4EE002D7CBB /* Debug */ = {
			isa = XCBuildConfiguration;
			buildSettings = {
				ALWAYS_EMBED_SWIFT_STANDARD_LIBRARIES = YES;
				BUNDLE_LOADER = "$(TEST_HOST)";
				CODE_SIGN_STYLE = Automatic;
				CURRENT_PROJECT_VERSION = 1;
				GENERATE_INFOPLIST_FILE = YES;
				IPHONEOS_DEPLOYMENT_TARGET = 17.5;
				MARKETING_VERSION = 1.0;
				PRODUCT_BUNDLE_IDENTIFIER = "LearnSwift.Player-testTests";
				PRODUCT_NAME = "$(TARGET_NAME)";
				SWIFT_EMIT_LOC_STRINGS = NO;
				SWIFT_VERSION = 5.0;
				TARGETED_DEVICE_FAMILY = "1,2";
				TEST_HOST = "$(BUILT_PRODUCTS_DIR)/Player_test.app/$(BUNDLE_EXECUTABLE_FOLDER_PATH)/Player_test";
			};
			name = Debug;
		};
		52C1CA052C78D4EE002D7CBB /* Release */ = {
			isa = XCBuildConfiguration;
			buildSettings = {
				ALWAYS_EMBED_SWIFT_STANDARD_LIBRARIES = YES;
				BUNDLE_LOADER = "$(TEST_HOST)";
				CODE_SIGN_STYLE = Automatic;
				CURRENT_PROJECT_VERSION = 1;
				GENERATE_INFOPLIST_FILE = YES;
				IPHONEOS_DEPLOYMENT_TARGET = 17.5;
				MARKETING_VERSION = 1.0;
				PRODUCT_BUNDLE_IDENTIFIER = "LearnSwift.Player-testTests";
				PRODUCT_NAME = "$(TARGET_NAME)";
				SWIFT_EMIT_LOC_STRINGS = NO;
				SWIFT_VERSION = 5.0;
				TARGETED_DEVICE_FAMILY = "1,2";
				TEST_HOST = "$(BUILT_PRODUCTS_DIR)/Player_test.app/$(BUNDLE_EXECUTABLE_FOLDER_PATH)/Player_test";
			};
			name = Release;
		};
		52C1CA072C78D4EE002D7CBB /* Debug */ = {
			isa = XCBuildConfiguration;
			buildSettings = {
				ALWAYS_EMBED_SWIFT_STANDARD_LIBRARIES = YES;
				CODE_SIGN_STYLE = Automatic;
				CURRENT_PROJECT_VERSION = 1;
				GENERATE_INFOPLIST_FILE = YES;
				MARKETING_VERSION = 1.0;
				PRODUCT_BUNDLE_IDENTIFIER = "LearnSwift.Player-testUITests";
				PRODUCT_NAME = "$(TARGET_NAME)";
				SWIFT_EMIT_LOC_STRINGS = NO;
				SWIFT_VERSION = 5.0;
				TARGETED_DEVICE_FAMILY = "1,2";
				TEST_TARGET_NAME = Player_test;
			};
			name = Debug;
		};
		52C1CA082C78D4EE002D7CBB /* Release */ = {
			isa = XCBuildConfiguration;
			buildSettings = {
				ALWAYS_EMBED_SWIFT_STANDARD_LIBRARIES = YES;
				CODE_SIGN_STYLE = Automatic;
				CURRENT_PROJECT_VERSION = 1;
				GENERATE_INFOPLIST_FILE = YES;
				MARKETING_VERSION = 1.0;
				PRODUCT_BUNDLE_IDENTIFIER = "LearnSwift.Player-testUITests";
				PRODUCT_NAME = "$(TARGET_NAME)";
				SWIFT_EMIT_LOC_STRINGS = NO;
				SWIFT_VERSION = 5.0;
				TARGETED_DEVICE_FAMILY = "1,2";
				TEST_TARGET_NAME = Player_test;
			};
			name = Release;
		};
/* End XCBuildConfiguration section */

/* Begin XCConfigurationList section */
		52C1C9D12C78D4ED002D7CBB /* Build configuration list for PBXProject "Player_test" */ = {
			isa = XCConfigurationList;
			buildConfigurations = (
				52C1C9FE2C78D4EE002D7CBB /* Debug */,
				52C1C9FF2C78D4EE002D7CBB /* Release */,
			);
			defaultConfigurationIsVisible = 0;
			defaultConfigurationName = Release;
		};
		52C1CA002C78D4EE002D7CBB /* Build configuration list for PBXNativeTarget "Player_test" */ = {
			isa = XCConfigurationList;
			buildConfigurations = (
				52C1CA012C78D4EE002D7CBB /* Debug */,
				52C1CA022C78D4EE002D7CBB /* Release */,
			);
			defaultConfigurationIsVisible = 0;
			defaultConfigurationName = Release;
		};
		52C1CA032C78D4EE002D7CBB /* Build configuration list for PBXNativeTarget "Player_testTests" */ = {
			isa = XCConfigurationList;
			buildConfigurations = (
				52C1CA042C78D4EE002D7CBB /* Debug */,
				52C1CA052C78D4EE002D7CBB /* Release */,
			);
			defaultConfigurationIsVisible = 0;
			defaultConfigurationName = Release;
		};
		52C1CA062C78D4EE002D7CBB /* Build configuration list for PBXNativeTarget "Player_testUITests" */ = {
			isa = XCConfigurationList;
			buildConfigurations = (
				52C1CA072C78D4EE002D7CBB /* Debug */,
				52C1CA082C78D4EE002D7CBB /* Release */,
			);
			defaultConfigurationIsVisible = 0;
			defaultConfigurationName = Release;
		};
/* End XCConfigurationList section */
	};
	rootObject = 52C1C9CE2C78D4ED002D7CBB /* Project object */;
}
